
Microsoft Visual Studio Solution File, Format Version 12.00
# Visual Studio Version 16
VisualStudioVersion = 16.0.31112.23
MinimumVisualStudioVersion = 10.0.40219.1
Project("{FAE04EC0-301F-11D3-BF4B-00C04F79EFBC}") = "QC_Application", "QC_Application\QC_Application.csproj", "{EBC864C8-760A-44EB-9FE8-D72C721EE83A}"
EndProject
Global
	GlobalSection(SolutionConfigurationPlatforms) = preSolution
		Debug|Any CPU = Debug|Any CPU
		Release|Any CPU = Release|Any CPU
	EndGlobalSection
	GlobalSection(ProjectConfigurationPlatforms) = postSolution
		{EBC864C8-760A-44EB-9FE8-D72C721EE83A}.Debug|Any CPU.ActiveCfg = Debug|Any CPU
		{EBC864C8-760A-44EB-9FE8-D72C721EE83A}.Debug|Any CPU.Build.0 = Debug|Any CPU
		{EBC864C8-760A-44EB-9FE8-D72C721EE83A}.Release|Any CPU.ActiveCfg = Release|Any CPU
		{EBC864C8-760A-44EB-9FE8-D72C721EE83A}.Release|Any CPU.Build.0 = Release|Any CPU
	EndGlobalSection
	GlobalSection(SolutionProperties) = preSolution
		HideSolutionNode = FALSE
	EndGlobalSection
	GlobalSection(ExtensibilityGlobals) = postSolution
		SolutionGuid = {CC2C713C-2D82-4402-B283-D0AF6F7AF4B3}
	EndGlobalSection
EndGlobal
